
Microsoft Visual Studio Solution File, Format Version 12.00
# Visual Studio Version 16
VisualStudioVersion = 16.0.30523.141
MinimumVisualStudioVersion = 10.0.40219.1
Project("{FAE04EC0-301F-11D3-BF4B-00C04F79EFBC}") = "UtinniDotNetPluginTemplate", "UtinniDotNetPluginTemplate\UtinniDotNetPluginTemplate.csproj", "{DECA57A3-758F-4ACC-8917-83FAF139809D}"
EndProject
Project("{FAE04EC0-301F-11D3-BF4B-00C04F79EFBC}") = "Test", "Test\Test.csproj", "{0010895C-F324-4D34-96B1-7D64AD413CA3}"
EndProject
Global
	GlobalSection(SolutionConfigurationPlatforms) = preSolution
		Debug|x86 = Debug|x86
		Release|x86 = Release|x86
		RelWithDbgInfo|x86 = RelWithDbgInfo|x86
	EndGlobalSection
	GlobalSection(ProjectConfigurationPlatforms) = postSolution
		{DECA57A3-758F-4ACC-8917-83FAF139809D}.Debug|x86.ActiveCfg = Debug|Any CPU
		{DECA57A3-758F-4ACC-8917-83FAF139809D}.Debug|x86.Build.0 = Debug|Any CPU
		{DECA57A3-758F-4ACC-8917-83FAF139809D}.Release|x86.ActiveCfg = Release|Any CPU
		{DECA57A3-758F-4ACC-8917-83FAF139809D}.Release|x86.Build.0 = Release|Any CPU
		{DECA57A3-758F-4ACC-8917-83FAF139809D}.RelWithDbgInfo|x86.ActiveCfg = RelWithDbgInfo|Any CPU
		{DECA57A3-758F-4ACC-8917-83FAF139809D}.RelWithDbgInfo|x86.Build.0 = RelWithDbgInfo|Any CPU
		{0010895C-F324-4D34-96B1-7D64AD413CA3}.Debug|x86.ActiveCfg = Debug|Any CPU
		{0010895C-F324-4D34-96B1-7D64AD413CA3}.Debug|x86.Build.0 = Debug|Any CPU
		{0010895C-F324-4D34-96B1-7D64AD413CA3}.Release|x86.ActiveCfg = Release|Any CPU
		{0010895C-F324-4D34-96B1-7D64AD413CA3}.Release|x86.Build.0 = Release|Any CPU
		{0010895C-F324-4D34-96B1-7D64AD413CA3}.RelWithDbgInfo|x86.ActiveCfg = RelWithDbgInfo|Any CPU
		{0010895C-F324-4D34-96B1-7D64AD413CA3}.RelWithDbgInfo|x86.Build.0 = RelWithDbgInfo|Any CPU
	EndGlobalSection
	GlobalSection(SolutionProperties) = preSolution
		HideSolutionNode = FALSE
	EndGlobalSection
	GlobalSection(ExtensibilityGlobals) = postSolution
		SolutionGuid = {85FFF510-5F4E-42BD-9BF8-852A0B690230}
	EndGlobalSection
EndGlobal
